
Microsoft Visual Studio Solution File, Format Version 12.00
Project("{FAE04EC0-301F-11D3-BF4B-00C04F79EFBC}") = "SAIS", "SAIS\SAIS.csproj", "{B22675C0-A154-41BA-A29C-73DA5B011712}"
EndProject
Project("{FAE04EC0-301F-11D3-BF4B-00C04F79EFBC}") = "Presentation", "Presentation\Presentation.csproj", "{3FB6A990-7CA7-4629-BF29-A718F02D8D36}"
EndProject
Project("{FAE04EC0-301F-11D3-BF4B-00C04F79EFBC}") = "Domain", "Domain\Domain.csproj", "{5B3EB190-F857-4B97-B34F-B2085A3403F3}"
EndProject
Project("{FAE04EC0-301F-11D3-BF4B-00C04F79EFBC}") = "Infrastructure", "Infrastructure\Infrastructure.csproj", "{E5647797-1DFA-4DCA-AB5B-D74B4A401339}"
EndProject
Global
	GlobalSection(SolutionConfigurationPlatforms) = preSolution
		Debug|Any CPU = Debug|Any CPU
		Release|Any CPU = Release|Any CPU
	EndGlobalSection
	GlobalSection(ProjectConfigurationPlatforms) = postSolution
		{B22675C0-A154-41BA-A29C-73DA5B011712}.Debug|Any CPU.ActiveCfg = Debug|Any CPU
		{B22675C0-A154-41BA-A29C-73DA5B011712}.Debug|Any CPU.Build.0 = Debug|Any CPU
		{B22675C0-A154-41BA-A29C-73DA5B011712}.Release|Any CPU.ActiveCfg = Release|Any CPU
		{B22675C0-A154-41BA-A29C-73DA5B011712}.Release|Any CPU.Build.0 = Release|Any CPU
		{3FB6A990-7CA7-4629-BF29-A718F02D8D36}.Debug|Any CPU.ActiveCfg = Debug|Any CPU
		{3FB6A990-7CA7-4629-BF29-A718F02D8D36}.Debug|Any CPU.Build.0 = Debug|Any CPU
		{3FB6A990-7CA7-4629-BF29-A718F02D8D36}.Release|Any CPU.ActiveCfg = Release|Any CPU
		{3FB6A990-7CA7-4629-BF29-A718F02D8D36}.Release|Any CPU.Build.0 = Release|Any CPU
		{5B3EB190-F857-4B97-B34F-B2085A3403F3}.Debug|Any CPU.ActiveCfg = Debug|Any CPU
		{5B3EB190-F857-4B97-B34F-B2085A3403F3}.Debug|Any CPU.Build.0 = Debug|Any CPU
		{5B3EB190-F857-4B97-B34F-B2085A3403F3}.Release|Any CPU.ActiveCfg = Release|Any CPU
		{5B3EB190-F857-4B97-B34F-B2085A3403F3}.Release|Any CPU.Build.0 = Release|Any CPU
		{E5647797-1DFA-4DCA-AB5B-D74B4A401339}.Debug|Any CPU.ActiveCfg = Debug|Any CPU
		{E5647797-1DFA-4DCA-AB5B-D74B4A401339}.Debug|Any CPU.Build.0 = Debug|Any CPU
		{E5647797-1DFA-4DCA-AB5B-D74B4A401339}.Release|Any CPU.ActiveCfg = Release|Any CPU
		{E5647797-1DFA-4DCA-AB5B-D74B4A401339}.Release|Any CPU.Build.0 = Release|Any CPU
	EndGlobalSection
EndGlobal
