Microsoft Visual Studio Solution File, Format Version 12.00
Project("{2150E333-8FDC-42A3-9474-1A3956D46DE8}") = "Source", "Source", "{9F93DE33-F693-43D1-AC8A-9AE9661D5F42}"
EndProject
Project("{FAE04EC0-301F-11D3-BF4B-00C04F79EFBC}") = "Application", "Application\Application.csproj", "{17A33903-4B8A-4708-B416-07D17A5997A3}"
EndProject
Project("{FAE04EC0-301F-11D3-BF4B-00C04F79EFBC}") = "Domain", "Domain\Domain.csproj", "{113C8A58-983A-45C1-B406-5E9391A90591}"
EndProject
Project("{FAE04EC0-301F-11D3-BF4B-00C04F79EFBC}") = "Infrastructure", "Infrastructure\Infrastructure.csproj", "{EA32648F-FB4E-4A48-936C-611CC0D247D1}"
EndProject
Project("{FAE04EC0-301F-11D3-BF4B-00C04F79EFBC}") = "Presentation", "Presentation\Presentation.csproj", "{6CF7E9DE-0C6B-4821-A758-B3D1F9CA9B83}"
EndProject
Project("{2150E333-8FDC-42A3-9474-1A3956D46DE8}") = "Tests", "Tests", "{206FE0D9-32DF-416D-9A8F-B9443A1B76F2}"
EndProject
Project("{FAE04EC0-301F-11D3-BF4B-00C04F79EFBC}") = "Application.Tests", "Application.Tests\Application.Tests.csproj", "{8CDC139E-35A0-407C-B689-3F4CE4C72EB6}"
EndProject
Project("{FAE04EC0-301F-11D3-BF4B-00C04F79EFBC}") = "Domain.Tests", "Domain.Tests\Domain.Tests.csproj", "{BBAC32DA-DFFA-450F-84F5-4B0E52241EC8}"
EndProject
Project("{FAE04EC0-301F-11D3-BF4B-00C04F79EFBC}") = "Infrastructure.Tests", "Infrastructure.Tests\Infrastructure.Tests.csproj", "{BF318105-97F0-4A97-81F6-69060A144B6C}"
EndProject
Project("{FAE04EC0-301F-11D3-BF4B-00C04F79EFBC}") = "Presentation.Tests", "Presentation.Tests\Presentation.Tests.csproj", "{E3C997AF-5ABD-4EE9-BA68-02C1A76CD86A}"
EndProject
Project("{2150E333-8FDC-42A3-9474-1A3956D46DE8}") = "SolutionItems", "SolutionItems", "{24B378AB-976F-445C-A657-08E6AAB28512}"
	ProjectSection(SolutionItems) = preProject
		.gitignore = .gitignore
		global.json = global.json
	EndProjectSection
EndProject
Project("{2150E333-8FDC-42A3-9474-1A3956D46DE8}") = "Github-CI_CD", "Github-CI_CD", "{211A8057-AD8E-454F-B89A-40E04C2AD73E}"
	ProjectSection(SolutionItems) = preProject
		.github\workflows\github_ci.yml = .github\workflows\github_ci.yml
	EndProjectSection
EndProject
Project("{FAE04EC0-301F-11D3-BF4B-00C04F79EFBC}") = "Architecture.Tests", "Architecture.Tests\Architecture.Tests.csproj", "{DF9C01C7-BCA9-49BB-8868-2C191AFC705D}"
EndProject
Global
	GlobalSection(SolutionConfigurationPlatforms) = preSolution
		Debug|Any CPU = Debug|Any CPU
		Release|Any CPU = Release|Any CPU
	EndGlobalSection
	GlobalSection(ProjectConfigurationPlatforms) = postSolution
		{17A33903-4B8A-4708-B416-07D17A5997A3}.Debug|Any CPU.ActiveCfg = Debug|Any CPU
		{17A33903-4B8A-4708-B416-07D17A5997A3}.Debug|Any CPU.Build.0 = Debug|Any CPU
		{17A33903-4B8A-4708-B416-07D17A5997A3}.Release|Any CPU.ActiveCfg = Release|Any CPU
		{17A33903-4B8A-4708-B416-07D17A5997A3}.Release|Any CPU.Build.0 = Release|Any CPU
		{113C8A58-983A-45C1-B406-5E9391A90591}.Debug|Any CPU.ActiveCfg = Debug|Any CPU
		{113C8A58-983A-45C1-B406-5E9391A90591}.Debug|Any CPU.Build.0 = Debug|Any CPU
		{113C8A58-983A-45C1-B406-5E9391A90591}.Release|Any CPU.ActiveCfg = Release|Any CPU
		{113C8A58-983A-45C1-B406-5E9391A90591}.Release|Any CPU.Build.0 = Release|Any CPU
		{EA32648F-FB4E-4A48-936C-611CC0D247D1}.Debug|Any CPU.ActiveCfg = Debug|Any CPU
		{EA32648F-FB4E-4A48-936C-611CC0D247D1}.Debug|Any CPU.Build.0 = Debug|Any CPU
		{EA32648F-FB4E-4A48-936C-611CC0D247D1}.Release|Any CPU.ActiveCfg = Release|Any CPU
		{EA32648F-FB4E-4A48-936C-611CC0D247D1}.Release|Any CPU.Build.0 = Release|Any CPU
		{6CF7E9DE-0C6B-4821-A758-B3D1F9CA9B83}.Debug|Any CPU.ActiveCfg = Debug|Any CPU
		{6CF7E9DE-0C6B-4821-A758-B3D1F9CA9B83}.Debug|Any CPU.Build.0 = Debug|Any CPU
		{6CF7E9DE-0C6B-4821-A758-B3D1F9CA9B83}.Release|Any CPU.ActiveCfg = Release|Any CPU
		{6CF7E9DE-0C6B-4821-A758-B3D1F9CA9B83}.Release|Any CPU.Build.0 = Release|Any CPU
		{8CDC139E-35A0-407C-B689-3F4CE4C72EB6}.Debug|Any CPU.ActiveCfg = Debug|Any CPU
		{8CDC139E-35A0-407C-B689-3F4CE4C72EB6}.Debug|Any CPU.Build.0 = Debug|Any CPU
		{8CDC139E-35A0-407C-B689-3F4CE4C72EB6}.Release|Any CPU.ActiveCfg = Release|Any CPU
		{8CDC139E-35A0-407C-B689-3F4CE4C72EB6}.Release|Any CPU.Build.0 = Release|Any CPU
		{BBAC32DA-DFFA-450F-84F5-4B0E52241EC8}.Debug|Any CPU.ActiveCfg = Debug|Any CPU
		{BBAC32DA-DFFA-450F-84F5-4B0E52241EC8}.Debug|Any CPU.Build.0 = Debug|Any CPU
		{BBAC32DA-DFFA-450F-84F5-4B0E52241EC8}.Release|Any CPU.ActiveCfg = Release|Any CPU
		{BBAC32DA-DFFA-450F-84F5-4B0E52241EC8}.Release|Any CPU.Build.0 = Release|Any CPU
		{BF318105-97F0-4A97-81F6-69060A144B6C}.Debug|Any CPU.ActiveCfg = Debug|Any CPU
		{BF318105-97F0-4A97-81F6-69060A144B6C}.Debug|Any CPU.Build.0 = Debug|Any CPU
		{BF318105-97F0-4A97-81F6-69060A144B6C}.Release|Any CPU.ActiveCfg = Release|Any CPU
		{BF318105-97F0-4A97-81F6-69060A144B6C}.Release|Any CPU.Build.0 = Release|Any CPU
		{E3C997AF-5ABD-4EE9-BA68-02C1A76CD86A}.Debug|Any CPU.ActiveCfg = Debug|Any CPU
		{E3C997AF-5ABD-4EE9-BA68-02C1A76CD86A}.Debug|Any CPU.Build.0 = Debug|Any CPU
		{E3C997AF-5ABD-4EE9-BA68-02C1A76CD86A}.Release|Any CPU.ActiveCfg = Release|Any CPU
		{E3C997AF-5ABD-4EE9-BA68-02C1A76CD86A}.Release|Any CPU.Build.0 = Release|Any CPU
		{DF9C01C7-BCA9-49BB-8868-2C191AFC705D}.Debug|Any CPU.ActiveCfg = Debug|Any CPU
		{DF9C01C7-BCA9-49BB-8868-2C191AFC705D}.Debug|Any CPU.Build.0 = Debug|Any CPU
		{DF9C01C7-BCA9-49BB-8868-2C191AFC705D}.Release|Any CPU.ActiveCfg = Release|Any CPU
		{DF9C01C7-BCA9-49BB-8868-2C191AFC705D}.Release|Any CPU.Build.0 = Release|Any CPU
	EndGlobalSection
	GlobalSection(NestedProjects) = preSolution
		{17A33903-4B8A-4708-B416-07D17A5997A3} = {9F93DE33-F693-43D1-AC8A-9AE9661D5F42}
		{113C8A58-983A-45C1-B406-5E9391A90591} = {9F93DE33-F693-43D1-AC8A-9AE9661D5F42}
		{EA32648F-FB4E-4A48-936C-611CC0D247D1} = {9F93DE33-F693-43D1-AC8A-9AE9661D5F42}
		{6CF7E9DE-0C6B-4821-A758-B3D1F9CA9B83} = {9F93DE33-F693-43D1-AC8A-9AE9661D5F42}
		{8CDC139E-35A0-407C-B689-3F4CE4C72EB6} = {206FE0D9-32DF-416D-9A8F-B9443A1B76F2}
		{BBAC32DA-DFFA-450F-84F5-4B0E52241EC8} = {206FE0D9-32DF-416D-9A8F-B9443A1B76F2}
		{BF318105-97F0-4A97-81F6-69060A144B6C} = {206FE0D9-32DF-416D-9A8F-B9443A1B76F2}
		{E3C997AF-5ABD-4EE9-BA68-02C1A76CD86A} = {206FE0D9-32DF-416D-9A8F-B9443A1B76F2}
		{DF9C01C7-BCA9-49BB-8868-2C191AFC705D} = {206FE0D9-32DF-416D-9A8F-B9443A1B76F2}
	EndGlobalSection
EndGlobal
